<?xml version="1.0" encoding="utf-8"?>
<Project ToolsVersion="4.0" xmlns="http://schemas.microsoft.com/developer/msbuild/2003">
  <ItemGroup>
    <ClCompile Include="src\ofApp.cpp">
      <Filter>src</Filter>
    </ClCompile>
    <ClCompile Include="src\main.cpp">
      <Filter>src</Filter>
    </ClCompile>
    <ClCompile Include="src\HRVO\Agent.cpp">
      <Filter>src\HRVO</Filter>
    </ClCompile>
    <ClCompile Include="src\HRVO\Goal.cpp">
      <Filter>src\HRVO</Filter>
    </ClCompile>
    <ClCompile Include="src\HRVO\KdTree.cpp">
      <Filter>src\HRVO</Filter>
    </ClCompile>
    <ClCompile Include="src\HRVO\Simulator.cpp">
      <Filter>src\HRVO</Filter>
    </ClCompile>
    <ClCompile Include="src\HRVO\Vector2.cpp">
      <Filter>src\HRVO</Filter>
    </ClCompile>
    <ClCompile Include="src\HungarianAlg.cpp">
      <Filter>src</Filter>
    </ClCompile>
    <ClCompile Include="src\main.cpp">
      <Filter>src</Filter>
    </ClCompile>
    <ClCompile Include="src\Message.cpp">
      <Filter>src</Filter>
    </ClCompile>
    <ClCompile Include="src\ofApp.cpp">
      <Filter>src</Filter>
    </ClCompile>
    <ClCompile Include="src\Zooid.cpp">
      <Filter>src</Filter>
    </ClCompile>
    <ClCompile Include="src\ZooidGoal.cpp">
      <Filter>src</Filter>
    </ClCompile>
    <ClCompile Include="src\ZooidManager.cpp">
      <Filter>src</Filter>
    </ClCompile>
    <ClCompile Include="src\ZooidReceiver.cpp">
      <Filter>src</Filter>
    </ClCompile>
    <ClCompile Include="..\..\..\addons\ofxNetwork\src\ofxTCPClient.cpp">
      <Filter>addons\ofxNetwork\src</Filter>
    </ClCompile>
    <ClCompile Include="..\..\..\addons\ofxNetwork\src\ofxTCPManager.cpp">
      <Filter>addons\ofxNetwork\src</Filter>
    </ClCompile>
    <ClCompile Include="..\..\..\addons\ofxNetwork\src\ofxTCPServer.cpp">
      <Filter>addons\ofxNetwork\src</Filter>
    </ClCompile>
    <ClCompile Include="..\..\..\addons\ofxNetwork\src\ofxUDPManager.cpp">
      <Filter>addons\ofxNetwork\src</Filter>
    </ClCompile>
    <ClCompile Include="..\..\..\addons\ofxSvg\src\ofxSvg.cpp">
      <Filter>addons\ofxSvg\src</Filter>
    </ClCompile>
    <ClCompile Include="..\..\..\addons\ofxSvg\libs\svgTiny\src\src_colors.cpp">
      <Filter>addons\ofxSvg\libs\svgTiny\src</Filter>
    </ClCompile>
    <ClCompile Include="..\..\..\addons\ofxSvg\libs\svgTiny\src\svgtiny.cpp">
      <Filter>addons\ofxSvg\libs\svgTiny\src</Filter>
    </ClCompile>
    <ClCompile Include="..\..\..\addons\ofxSvg\libs\svgTiny\src\svgtiny_gradient.cpp">
      <Filter>addons\ofxSvg\libs\svgTiny\src</Filter>
    </ClCompile>
    <ClCompile Include="..\..\..\addons\ofxSvg\libs\svgTiny\src\svgtiny_list.cpp">
      <Filter>addons\ofxSvg\libs\svgTiny\src</Filter>
    </ClCompile>
    <ClCompile Include="src\Button.cpp">
      <Filter>src</Filter>
    </ClCompile>
  </ItemGroup>
  <ItemGroup>
    <Filter Include="src">
      <UniqueIdentifier>{d8376475-7454-4a24-b08a-aac121d3ad6f}</UniqueIdentifier>
    </Filter>
    <Filter Include="src\HRVO">
      <UniqueIdentifier>{F0421C68-70A3-E81F-C1FA-EF8F}</UniqueIdentifier>
    </Filter>
    <Filter Include="addons">
      <UniqueIdentifier>{71834F65-F3A9-211E-73B8-DC85}</UniqueIdentifier>
    </Filter>
    <Filter Include="addons\ofxNetwork">
      <UniqueIdentifier>{01A15744-29A6-108D-08E9-83A7}</UniqueIdentifier>
    </Filter>
    <Filter Include="addons\ofxNetwork\src">
      <UniqueIdentifier>{3D1C10C7-8F35-E796-9C70-F5F3}</UniqueIdentifier>
    </Filter>
    <Filter Include="addons\ofxSvg">
      <UniqueIdentifier>{3DD76815-827C-5F89-582D-2CF4}</UniqueIdentifier>
    </Filter>
    <Filter Include="addons\ofxSvg\src">
      <UniqueIdentifier>{6A00B88F-1ADB-BB17-8276-ED19}</UniqueIdentifier>
    </Filter>
    <Filter Include="addons\ofxSvg\libs">
      <UniqueIdentifier>{C226E9C6-88C9-1F12-D422-3DA3}</UniqueIdentifier>
    </Filter>
    <Filter Include="addons\ofxSvg\libs\svgTiny">
      <UniqueIdentifier>{0A0E4783-DE3F-EB55-7775-3205}</UniqueIdentifier>
    </Filter>
    <Filter Include="addons\ofxSvg\libs\svgTiny\src">
      <UniqueIdentifier>{668F2528-598B-D351-B74F-9E6F}</UniqueIdentifier>
    </Filter>
  </ItemGroup>
  <ItemGroup>
    <ClInclude Include="src\ofApp.h">
      <Filter>src</Filter>
    </ClInclude>
    <ClInclude Include="src\configuration.h">
      <Filter>src</Filter>
    </ClInclude>
    <ClInclude Include="src\HRVO\Agent.h">
      <Filter>src\HRVO</Filter>
    </ClInclude>
    <ClInclude Include="src\HRVO\Definitions.h">
      <Filter>src\HRVO</Filter>
    </ClInclude>
    <ClInclude Include="src\HRVO\Goal.h">
      <Filter>src\HRVO</Filter>
    </ClInclude>
    <ClInclude Include="src\HRVO\HRVO.h">
      <Filter>src\HRVO</Filter>
    </ClInclude>
    <ClInclude Include="src\HRVO\KdTree.h">
      <Filter>src\HRVO</Filter>
    </ClInclude>
    <ClInclude Include="src\HRVO\Simulator.h">
      <Filter>src\HRVO</Filter>
    </ClInclude>
    <ClInclude Include="src\HRVO\Vector2.h">
      <Filter>src\HRVO</Filter>
    </ClInclude>
    <ClInclude Include="src\HungarianAlg.h">
      <Filter>src</Filter>
    </ClInclude>
    <ClInclude Include="src\Message.h">
      <Filter>src</Filter>
    </ClInclude>
    <ClInclude Include="src\ofApp.h">
      <Filter>src</Filter>
    </ClInclude>
    <ClInclude Include="src\Zooid.h">
      <Filter>src</Filter>
    </ClInclude>
    <ClInclude Include="src\ZooidGoal.h">
      <Filter>src</Filter>
    </ClInclude>
    <ClInclude Include="src\ZooidManager.h">
      <Filter>src</Filter>
    </ClInclude>
    <ClInclude Include="src\ZooidReceiver.h">
      <Filter>src</Filter>
    </ClInclude>
    <ClInclude Include="..\..\..\addons\ofxNetwork\src\ofxNetwork.h">
      <Filter>addons\ofxNetwork\src</Filter>
    </ClInclude>
    <ClInclude Include="..\..\..\addons\ofxNetwork\src\ofxNetworkUtils.h">
      <Filter>addons\ofxNetwork\src</Filter>
    </ClInclude>
    <ClInclude Include="..\..\..\addons\ofxNetwork\src\ofxTCPClient.h">
      <Filter>addons\ofxNetwork\src</Filter>
    </ClInclude>
    <ClInclude Include="..\..\..\addons\ofxNetwork\src\ofxTCPManager.h">
      <Filter>addons\ofxNetwork\src</Filter>
    </ClInclude>
    <ClInclude Include="..\..\..\addons\ofxNetwork\src\ofxTCPServer.h">
      <Filter>addons\ofxNetwork\src</Filter>
    </ClInclude>
    <ClInclude Include="..\..\..\addons\ofxNetwork\src\ofxUDPManager.h">
      <Filter>addons\ofxNetwork\src</Filter>
    </ClInclude>
    <ClInclude Include="..\..\..\addons\ofxSvg\src\ofxSvg.h">
      <Filter>addons\ofxSvg\src</Filter>
    </ClInclude>
    <ClInclude Include="..\..\..\addons\ofxSvg\libs\svgTiny\src\svgtiny.h">
      <Filter>addons\ofxSvg\libs\svgTiny\src</Filter>
    </ClInclude>
    <ClInclude Include="..\..\..\addons\ofxSvg\libs\svgTiny\src\svgtiny_internal.h">
      <Filter>addons\ofxSvg\libs\svgTiny\src</Filter>
    </ClInclude>
    <ClInclude Include="src\Button.h">
      <Filter>src</Filter>
    </ClInclude>
  </ItemGroup>
</Project>