// !$*UTF8*$!
{
	archiveVersion = 1;
	classes = {
	};
	objectVersion = 46;
	objects = {

/* Begin PBXBuildFile section */
		01BCCCFC1CB1F1C40056D378 /* libturbojpeg.dylib in CopyFiles */ = {isa = PBXBuildFile; fileRef = 01BCCCFB1CB1F1C40056D378 /* libturbojpeg.dylib */; settings = {ATTRIBUTES = (CodeSignOnCopy, ); }; };
		34A1CD0B670B0A4266464779 /* ofxTurboJpeg.cpp in Sources */ = {isa = PBXBuildFile; fileRef = CC7594CA5E21F32F237CA87E /* ofxTurboJpeg.cpp */; };
		6D73A566CFEC0B462FE6E43C /* Reactor.cpp in Sources */ = {isa = PBXBuildFile; fileRef = 2232A9453E355593EF36ADA7 /* Reactor.cpp */; };
		86135253DC7909CA8590E157 /* Protocol.cpp in Sources */ = {isa = PBXBuildFile; fileRef = 57EEFEC8B85F7C3B15DD45A4 /* Protocol.cpp */; };
		9EF1133BC23669A5C94FE30F /* jsoncpp.cpp in Sources */ = {isa = PBXBuildFile; fileRef = 69668FDE141262BC3C6CA929 /* jsoncpp.cpp */; };
		A78C77753D562AE8F0E928ED /* Connection.cpp in Sources */ = {isa = PBXBuildFile; fileRef = EDF52649DEB8D25CA011EB41 /* Connection.cpp */; };
		C6C3882A0B0872D1485F3874 /* Client.cpp in Sources */ = {isa = PBXBuildFile; fileRef = EE5E38D74C62B19279B65BC7 /* Client.cpp */; };
		CCD326ED8E01272042317DD2 /* Util.cpp in Sources */ = {isa = PBXBuildFile; fileRef = 8A781C912CD5B01022F6BB2C /* Util.cpp */; };
		E4328149138ABC9F0047C5CB /* openFrameworksDebug.a in Frameworks */ = {isa = PBXBuildFile; fileRef = E4328148138ABC890047C5CB /* openFrameworksDebug.a */; };
		E4B69E200A3A1BDC003C02F2 /* main.cpp in Sources */ = {isa = PBXBuildFile; fileRef = E4B69E1D0A3A1BDC003C02F2 /* main.cpp */; };
		E4B69E210A3A1BDC003C02F2 /* ofApp.cpp in Sources */ = {isa = PBXBuildFile; fileRef = E4B69E1E0A3A1BDC003C02F2 /* ofApp.cpp */; };
		F1AC6AEFB9B93C6AC45C9CA8 /* Events.cpp in Sources */ = {isa = PBXBuildFile; fileRef = 34A70E2C091020EE93F6B1CE /* Events.cpp */; };
		F3AD9E2A2E56B6AF32A0BDAF /* Server.cpp in Sources */ = {isa = PBXBuildFile; fileRef = 5D95092D59E7A34C9DB7823E /* Server.cpp */; };
/* End PBXBuildFile section */

/* Begin PBXContainerItemProxy section */
		E4328147138ABC890047C5CB /* PBXContainerItemProxy */ = {
			isa = PBXContainerItemProxy;
			containerPortal = E4328143138ABC890047C5CB /* openFrameworksLib.xcodeproj */;
			proxyType = 2;
			remoteGlobalIDString = E4B27C1510CBEB8E00536013;
			remoteInfo = openFrameworks;
		};
		E4EEB9AB138B136A00A80321 /* PBXContainerItemProxy */ = {
			isa = PBXContainerItemProxy;
			containerPortal = E4328143138ABC890047C5CB /* openFrameworksLib.xcodeproj */;
			proxyType = 1;
			remoteGlobalIDString = E4B27C1410CBEB8E00536013;
			remoteInfo = openFrameworks;
		};
/* End PBXContainerItemProxy section */

/* Begin PBXCopyFilesBuildPhase section */
		E4C2427710CC5ABF004149E2 /* CopyFiles */ = {
			isa = PBXCopyFilesBuildPhase;
			buildActionMask = 2147483647;
			dstPath = "";
			dstSubfolderSpec = 10;
			files = (
				01BCCCFC1CB1F1C40056D378 /* libturbojpeg.dylib in CopyFiles */,
			);
			runOnlyForDeploymentPostprocessing = 0;
		};
/* End PBXCopyFilesBuildPhase section */

/* Begin PBXFileReference section */
		01BCCCFB1CB1F1C40056D378 /* libturbojpeg.dylib */ = {isa = PBXFileReference; lastKnownFileType = "compiled.mach-o.dylib"; name = libturbojpeg.dylib; path = "../../ofxTurboJpeg/libs/turbo-jpeg/lib/osx/libturbojpeg.dylib"; sourceTree = "<group>"; };
		123354539C152F1EE3FFC190 /* json-forwards.h */ = {isa = PBXFileReference; explicitFileType = sourcecode.c.h; fileEncoding = 30; name = "json-forwards.h"; path = "../../../addons/ofxLibwebsockets/libs/jsoncpp/json/json-forwards.h"; sourceTree = SOURCE_ROOT; };
		1816162DC196322C5D709C96 /* Server.h */ = {isa = PBXFileReference; explicitFileType = sourcecode.c.h; fileEncoding = 30; name = Server.h; path = ../../../addons/ofxLibwebsockets/libs/ofxLibwebsockets/include/ofxLibwebsockets/Server.h; sourceTree = SOURCE_ROOT; };
		2232A9453E355593EF36ADA7 /* Reactor.cpp */ = {isa = PBXFileReference; explicitFileType = sourcecode.cpp.cpp; fileEncoding = 30; name = Reactor.cpp; path = ../../../addons/ofxLibwebsockets/libs/ofxLibwebsockets/src/Reactor.cpp; sourceTree = SOURCE_ROOT; };
		330298EC4A89DC9282754FBC /* ofxLibwebsockets.h */ = {isa = PBXFileReference; explicitFileType = sourcecode.c.h; fileEncoding = 30; name = ofxLibwebsockets.h; path = ../../../addons/ofxLibwebsockets/src/ofxLibwebsockets.h; sourceTree = SOURCE_ROOT; };
		34A70E2C091020EE93F6B1CE /* Events.cpp */ = {isa = PBXFileReference; explicitFileType = sourcecode.cpp.cpp; fileEncoding = 30; name = Events.cpp; path = ../../../addons/ofxLibwebsockets/libs/ofxLibwebsockets/src/Events.cpp; sourceTree = SOURCE_ROOT; };
		57EEFEC8B85F7C3B15DD45A4 /* Protocol.cpp */ = {isa = PBXFileReference; explicitFileType = sourcecode.cpp.cpp; fileEncoding = 30; name = Protocol.cpp; path = ../../../addons/ofxLibwebsockets/libs/ofxLibwebsockets/src/Protocol.cpp; sourceTree = SOURCE_ROOT; };
		5D95092D59E7A34C9DB7823E /* Server.cpp */ = {isa = PBXFileReference; explicitFileType = sourcecode.cpp.cpp; fileEncoding = 30; name = Server.cpp; path = ../../../addons/ofxLibwebsockets/libs/ofxLibwebsockets/src/Server.cpp; sourceTree = SOURCE_ROOT; };
		69668FDE141262BC3C6CA929 /* jsoncpp.cpp */ = {isa = PBXFileReference; explicitFileType = sourcecode.cpp.cpp; fileEncoding = 30; name = jsoncpp.cpp; path = ../../../addons/ofxLibwebsockets/libs/jsoncpp/jsoncpp.cpp; sourceTree = SOURCE_ROOT; };
		75DCA31CF0745355CC4AD2DD /* libwebsockets.h */ = {isa = PBXFileReference; explicitFileType = sourcecode.c.h; fileEncoding = 30; name = libwebsockets.h; path = ../../../addons/ofxLibwebsockets/libs/libwebsockets/include/libwebsockets.h; sourceTree = SOURCE_ROOT; };
		8A781C912CD5B01022F6BB2C /* Util.cpp */ = {isa = PBXFileReference; explicitFileType = sourcecode.cpp.cpp; fileEncoding = 30; name = Util.cpp; path = ../../../addons/ofxLibwebsockets/libs/ofxLibwebsockets/src/Util.cpp; sourceTree = SOURCE_ROOT; };
		8A7A54FC0AEF8A0E41CFF07C /* Connection.h */ = {isa = PBXFileReference; explicitFileType = sourcecode.c.h; fileEncoding = 30; name = Connection.h; path = ../../../addons/ofxLibwebsockets/libs/ofxLibwebsockets/include/ofxLibwebsockets/Connection.h; sourceTree = SOURCE_ROOT; };
		8D69533A53ED061E713EAF84 /* ofxTurboJpeg.h */ = {isa = PBXFileReference; explicitFileType = sourcecode.c.h; fileEncoding = 30; name = ofxTurboJpeg.h; path = ../../../addons/ofxTurboJpeg/src/ofxTurboJpeg.h; sourceTree = SOURCE_ROOT; };
		A881453E52CE0251DEC076CD /* Events.h */ = {isa = PBXFileReference; explicitFileType = sourcecode.c.h; fileEncoding = 30; name = Events.h; path = ../../../addons/ofxLibwebsockets/libs/ofxLibwebsockets/include/ofxLibwebsockets/Events.h; sourceTree = SOURCE_ROOT; };
		BA9FA17BACE0BC9114A35A23 /* Util.h */ = {isa = PBXFileReference; explicitFileType = sourcecode.c.h; fileEncoding = 30; name = Util.h; path = ../../../addons/ofxLibwebsockets/libs/ofxLibwebsockets/include/ofxLibwebsockets/Util.h; sourceTree = SOURCE_ROOT; };
		C77AD7EDA10FC3E9FE9365EF /* Reactor.h */ = {isa = PBXFileReference; explicitFileType = sourcecode.c.h; fileEncoding = 30; name = Reactor.h; path = ../../../addons/ofxLibwebsockets/libs/ofxLibwebsockets/include/ofxLibwebsockets/Reactor.h; sourceTree = SOURCE_ROOT; };
		CC7594CA5E21F32F237CA87E /* ofxTurboJpeg.cpp */ = {isa = PBXFileReference; explicitFileType = sourcecode.cpp.cpp; fileEncoding = 30; name = ofxTurboJpeg.cpp; path = ../../../addons/ofxTurboJpeg/src/ofxTurboJpeg.cpp; sourceTree = SOURCE_ROOT; };
		CF4075AE08DCC901080970F7 /* Protocol.h */ = {isa = PBXFileReference; explicitFileType = sourcecode.c.h; fileEncoding = 30; name = Protocol.h; path = ../../../addons/ofxLibwebsockets/libs/ofxLibwebsockets/include/ofxLibwebsockets/Protocol.h; sourceTree = SOURCE_ROOT; };
		D31CF822CBBBE0B7167F4738 /* lws_config.h */ = {isa = PBXFileReference; explicitFileType = sourcecode.c.h; fileEncoding = 30; name = lws_config.h; path = ../../../addons/ofxLibwebsockets/libs/libwebsockets/include/lws_config.h; sourceTree = SOURCE_ROOT; };
		E3261A85562BD2578300F23E /* Client.h */ = {isa = PBXFileReference; explicitFileType = sourcecode.c.h; fileEncoding = 30; name = Client.h; path = ../../../addons/ofxLibwebsockets/libs/ofxLibwebsockets/include/ofxLibwebsockets/Client.h; sourceTree = SOURCE_ROOT; };
		E4328143138ABC890047C5CB /* openFrameworksLib.xcodeproj */ = {isa = PBXFileReference; lastKnownFileType = "wrapper.pb-project"; name = openFrameworksLib.xcodeproj; path = ../../../libs/openFrameworksCompiled/project/osx/openFrameworksLib.xcodeproj; sourceTree = SOURCE_ROOT; };
		E4B69B5B0A3A1756003C02F2 /* example_server_blobDebug.app */ = {isa = PBXFileReference; explicitFileType = wrapper.application; includeInIndex = 0; path = example_server_blobDebug.app; sourceTree = BUILT_PRODUCTS_DIR; };
		E4B69E1D0A3A1BDC003C02F2 /* main.cpp */ = {isa = PBXFileReference; fileEncoding = 30; lastKnownFileType = sourcecode.cpp.cpp; name = main.cpp; path = src/main.cpp; sourceTree = SOURCE_ROOT; };
		E4B69E1E0A3A1BDC003C02F2 /* ofApp.cpp */ = {isa = PBXFileReference; explicitFileType = sourcecode.cpp.cpp; fileEncoding = 30; name = ofApp.cpp; path = src/ofApp.cpp; sourceTree = SOURCE_ROOT; };
		E4B69E1F0A3A1BDC003C02F2 /* ofApp.h */ = {isa = PBXFileReference; fileEncoding = 30; lastKnownFileType = sourcecode.c.h; name = ofApp.h; path = src/ofApp.h; sourceTree = SOURCE_ROOT; };
		E4B6FCAD0C3E899E008CF71C /* openFrameworks-Info.plist */ = {isa = PBXFileReference; fileEncoding = 30; lastKnownFileType = text.plist.xml; path = "openFrameworks-Info.plist"; sourceTree = "<group>"; };
		E4EB691F138AFCF100A09F29 /* CoreOF.xcconfig */ = {isa = PBXFileReference; fileEncoding = 4; lastKnownFileType = text.xcconfig; name = CoreOF.xcconfig; path = ../../../libs/openFrameworksCompiled/project/osx/CoreOF.xcconfig; sourceTree = SOURCE_ROOT; };
		E4EB6923138AFD0F00A09F29 /* Project.xcconfig */ = {isa = PBXFileReference; fileEncoding = 4; lastKnownFileType = text.xcconfig; path = Project.xcconfig; sourceTree = "<group>"; };
		EC14FAAFBB1143E1C64BF2C3 /* json.h */ = {isa = PBXFileReference; explicitFileType = sourcecode.c.h; fileEncoding = 30; name = json.h; path = ../../../addons/ofxLibwebsockets/libs/jsoncpp/json/json.h; sourceTree = SOURCE_ROOT; };
		EDF52649DEB8D25CA011EB41 /* Connection.cpp */ = {isa = PBXFileReference; explicitFileType = sourcecode.cpp.cpp; fileEncoding = 30; name = Connection.cpp; path = ../../../addons/ofxLibwebsockets/libs/ofxLibwebsockets/src/Connection.cpp; sourceTree = SOURCE_ROOT; };
		EE5E38D74C62B19279B65BC7 /* Client.cpp */ = {isa = PBXFileReference; explicitFileType = sourcecode.cpp.cpp; fileEncoding = 30; name = Client.cpp; path = ../../../addons/ofxLibwebsockets/libs/ofxLibwebsockets/src/Client.cpp; sourceTree = SOURCE_ROOT; };
/* End PBXFileReference section */

/* Begin PBXFrameworksBuildPhase section */
		E4B69B590A3A1756003C02F2 /* Frameworks */ = {
			isa = PBXFrameworksBuildPhase;
			buildActionMask = 2147483647;
			files = (
				E4328149138ABC9F0047C5CB /* openFrameworksDebug.a in Frameworks */,
			);
			runOnlyForDeploymentPostprocessing = 0;
		};
/* End PBXFrameworksBuildPhase section */

/* Begin PBXGroup section */
		108C8D494BF6997F7A730F6E /* include */ = {
			isa = PBXGroup;
			children = (
				557E2A608249176E0784E609 /* ofxLibwebsockets */,
			);
			name = include;
			sourceTree = "<group>";
		};
		12CA34DA3B4F71871CBFA23A /* json */ = {
			isa = PBXGroup;
			children = (
				123354539C152F1EE3FFC190 /* json-forwards.h */,
				EC14FAAFBB1143E1C64BF2C3 /* json.h */,
			);
			name = json;
			sourceTree = "<group>";
		};
		18FCCFAA3CEB7C78C4BFC512 /* include */ = {
			isa = PBXGroup;
			children = (
				75DCA31CF0745355CC4AD2DD /* libwebsockets.h */,
				D31CF822CBBBE0B7167F4738 /* lws_config.h */,
			);
			name = include;
			sourceTree = "<group>";
		};
		213FDE476BBC2B9B0347CC2F /* src */ = {
			isa = PBXGroup;
			children = (
				EE5E38D74C62B19279B65BC7 /* Client.cpp */,
				EDF52649DEB8D25CA011EB41 /* Connection.cpp */,
				34A70E2C091020EE93F6B1CE /* Events.cpp */,
				57EEFEC8B85F7C3B15DD45A4 /* Protocol.cpp */,
				2232A9453E355593EF36ADA7 /* Reactor.cpp */,
				5D95092D59E7A34C9DB7823E /* Server.cpp */,
				8A781C912CD5B01022F6BB2C /* Util.cpp */,
			);
			name = src;
			sourceTree = "<group>";
		};
		29507F94FC17E77F52D317B9 /* src */ = {
			isa = PBXGroup;
			children = (
				8D69533A53ED061E713EAF84 /* ofxTurboJpeg.h */,
				CC7594CA5E21F32F237CA87E /* ofxTurboJpeg.cpp */,
			);
			name = src;
			sourceTree = "<group>";
		};
		334E8B760835B4E270BF0E5C /* ofxTurboJpeg */ = {
			isa = PBXGroup;
			children = (
				01BCCCFB1CB1F1C40056D378 /* libturbojpeg.dylib */,
				29507F94FC17E77F52D317B9 /* src */,
			);
			name = ofxTurboJpeg;
			sourceTree = "<group>";
		};
		557E2A608249176E0784E609 /* ofxLibwebsockets */ = {
			isa = PBXGroup;
			children = (
				E3261A85562BD2578300F23E /* Client.h */,
				8A7A54FC0AEF8A0E41CFF07C /* Connection.h */,
				A881453E52CE0251DEC076CD /* Events.h */,
				CF4075AE08DCC901080970F7 /* Protocol.h */,
				C77AD7EDA10FC3E9FE9365EF /* Reactor.h */,
				1816162DC196322C5D709C96 /* Server.h */,
				BA9FA17BACE0BC9114A35A23 /* Util.h */,
			);
			name = ofxLibwebsockets;
			sourceTree = "<group>";
		};
		5AC16A8D6EC87B59A03906C1 /* jsoncpp */ = {
			isa = PBXGroup;
			children = (
				12CA34DA3B4F71871CBFA23A /* json */,
				69668FDE141262BC3C6CA929 /* jsoncpp.cpp */,
			);
			name = jsoncpp;
			sourceTree = "<group>";
		};
		6948EE371B920CB800B5AC1A /* local_addons */ = {
			isa = PBXGroup;
			children = (
			);
			name = local_addons;
			sourceTree = "<group>";
		};
		70911A54686309FC932B3014 /* libs */ = {
			isa = PBXGroup;
			children = (
				5AC16A8D6EC87B59A03906C1 /* jsoncpp */,
				CB67BAA20E44B0F45701C777 /* libwebsockets */,
				AB97697EC6F10E7234EFF261 /* ofxLibwebsockets */,
			);
			name = libs;
			sourceTree = "<group>";
		};
		97B6E31FFC746B023496BB48 /* src */ = {
			isa = PBXGroup;
			children = (
				330298EC4A89DC9282754FBC /* ofxLibwebsockets.h */,
			);
			name = src;
			sourceTree = "<group>";
		};
		AAE50E341C7382A4EF10AF5A /* ofxLibwebsockets */ = {
			isa = PBXGroup;
			children = (
				97B6E31FFC746B023496BB48 /* src */,
				70911A54686309FC932B3014 /* libs */,
			);
			name = ofxLibwebsockets;
			sourceTree = "<group>";
		};
		AB97697EC6F10E7234EFF261 /* ofxLibwebsockets */ = {
			isa = PBXGroup;
			children = (
				108C8D494BF6997F7A730F6E /* include */,
				213FDE476BBC2B9B0347CC2F /* src */,
			);
			name = ofxLibwebsockets;
			sourceTree = "<group>";
		};
		BB4B014C10F69532006C3DED /* addons */ = {
			isa = PBXGroup;
			children = (
				AAE50E341C7382A4EF10AF5A /* ofxLibwebsockets */,
				334E8B760835B4E270BF0E5C /* ofxTurboJpeg */,
			);
			name = addons;
			sourceTree = "<group>";
		};
		CB67BAA20E44B0F45701C777 /* libwebsockets */ = {
			isa = PBXGroup;
			children = (
				18FCCFAA3CEB7C78C4BFC512 /* include */,
			);
			name = libwebsockets;
			sourceTree = "<group>";
		};
		E4328144138ABC890047C5CB /* Products */ = {
			isa = PBXGroup;
			children = (
				E4328148138ABC890047C5CB /* openFrameworksDebug.a */,
			);
			name = Products;
			sourceTree = "<group>";
		};
		E4B69B4A0A3A1720003C02F2 = {
			isa = PBXGroup;
			children = (
				E4B6FCAD0C3E899E008CF71C /* openFrameworks-Info.plist */,
				E4EB6923138AFD0F00A09F29 /* Project.xcconfig */,
				E4B69E1C0A3A1BDC003C02F2 /* src */,
				E4EEC9E9138DF44700A80321 /* openFrameworks */,
				BB4B014C10F69532006C3DED /* addons */,
				6948EE371B920CB800B5AC1A /* local_addons */,
				E4B69B5B0A3A1756003C02F2 /* example_server_blobDebug.app */,
			);
			sourceTree = "<group>";
		};
		E4B69E1C0A3A1BDC003C02F2 /* src */ = {
			isa = PBXGroup;
			children = (
				E4B69E1D0A3A1BDC003C02F2 /* main.cpp */,
				E4B69E1E0A3A1BDC003C02F2 /* ofApp.cpp */,
				E4B69E1F0A3A1BDC003C02F2 /* ofApp.h */,
			);
			path = src;
			sourceTree = SOURCE_ROOT;
		};
		E4EEC9E9138DF44700A80321 /* openFrameworks */ = {
			isa = PBXGroup;
			children = (
				E4EB691F138AFCF100A09F29 /* CoreOF.xcconfig */,
				E4328143138ABC890047C5CB /* openFrameworksLib.xcodeproj */,
			);
			name = openFrameworks;
			sourceTree = "<group>";
		};
/* End PBXGroup section */

/* Begin PBXNativeTarget section */
		E4B69B5A0A3A1756003C02F2 /* example_server_blob */ = {
			isa = PBXNativeTarget;
			buildConfigurationList = E4B69B5F0A3A1757003C02F2 /* Build configuration list for PBXNativeTarget "example_server_blob" */;
			buildPhases = (
				E4B69B580A3A1756003C02F2 /* Sources */,
				E4B69B590A3A1756003C02F2 /* Frameworks */,
				E4B6FFFD0C3F9AB9008CF71C /* ShellScript */,
				E4C2427710CC5ABF004149E2 /* CopyFiles */,
				8466F1851C04CA0E00918B1C /* ShellScript */,
			);
			buildRules = (
			);
			dependencies = (
				E4EEB9AC138B136A00A80321 /* PBXTargetDependency */,
			);
			name = example_server_blob;
			productName = myOFApp;
			productReference = E4B69B5B0A3A1756003C02F2 /* example_server_blobDebug.app */;
			productType = "com.apple.product-type.application";
		};
/* End PBXNativeTarget section */

/* Begin PBXProject section */
		E4B69B4C0A3A1720003C02F2 /* Project object */ = {
			isa = PBXProject;
			attributes = {
				LastUpgradeCheck = 0600;
			};
			buildConfigurationList = E4B69B4D0A3A1720003C02F2 /* Build configuration list for PBXProject "example_server_blob" */;
			compatibilityVersion = "Xcode 3.2";
			developmentRegion = English;
			hasScannedForEncodings = 0;
			knownRegions = (
				English,
				Japanese,
				French,
				German,
			);
			mainGroup = E4B69B4A0A3A1720003C02F2;
			productRefGroup = E4B69B4A0A3A1720003C02F2;
			projectDirPath = "";
			projectReferences = (
				{
					ProductGroup = E4328144138ABC890047C5CB /* Products */;
					ProjectRef = E4328143138ABC890047C5CB /* openFrameworksLib.xcodeproj */;
				},
			);
			projectRoot = "";
			targets = (
				E4B69B5A0A3A1756003C02F2 /* example_server_blob */,
			);
		};
/* End PBXProject section */

/* Begin PBXReferenceProxy section */
		E4328148138ABC890047C5CB /* openFrameworksDebug.a */ = {
			isa = PBXReferenceProxy;
			fileType = archive.ar;
			path = openFrameworksDebug.a;
			remoteRef = E4328147138ABC890047C5CB /* PBXContainerItemProxy */;
			sourceTree = BUILT_PRODUCTS_DIR;
		};
/* End PBXReferenceProxy section */

/* Begin PBXShellScriptBuildPhase section */
		8466F1851C04CA0E00918B1C /* ShellScript */ = {
			isa = PBXShellScriptBuildPhase;
			buildActionMask = 12;
			files = (
			);
			inputPaths = (
			);
			outputPaths = (
			);
			runOnlyForDeploymentPostprocessing = 0;
			shellPath = /bin/sh;
			shellScript = "echo \"$GCC_PREPROCESSOR_DEFINITIONS\";\nAPPSTORE=`expr \"$GCC_PREPROCESSOR_DEFINITIONS\" : \".*APPSTORE=\\([0-9]*\\)\"`\nif [ -z \"$APPSTORE\" ] ; then\necho \"Note: Not copying bin/data to App Package or doing App Code signing. Use AppStore target for AppStore distribution\";\nelse\n# Copy bin/data into App/Resources\nrsync -avz --exclude='.DS_Store' \"${SRCROOT}/bin/data/\" \"${TARGET_BUILD_DIR}/${UNLOCALIZED_RESOURCES_FOLDER_PATH}/data/\"\n\n# ---- Code Sign App Package ----\n \n# WARNING: You may have to run Clean in Xcode after changing CODE_SIGN_IDENTITY!\n\n# Verify that $CODE_SIGN_IDENTITY is set\nif [ -z \"${CODE_SIGN_IDENTITY}\" ] ; then\necho \"CODE_SIGN_IDENTITY needs to be set for framework code-signing\"\nexit 0\nfi\n\nif [ -z \"${CODE_SIGN_ENTITLEMENTS}\" ] ; then\necho \"CODE_SIGN_ENTITLEMENTS needs to be set for framework code-signing!\"\n\nif [ \"${CONFIGURATION}\" = \"Release\" ] ; then\nexit 1\nelse\n# Code-signing is optional for non-release builds.\nexit 0\nfi\nfi\n\nITEMS=\"\"\n\nFRAMEWORKS_DIR=\"${TARGET_BUILD_DIR}/${FRAMEWORKS_FOLDER_PATH}\"\necho \"$FRAMEWORKS_DIR\"\nif [ -d \"$FRAMEWORKS_DIR\" ] ; then\nFRAMEWORKS=$(find \"${FRAMEWORKS_DIR}\" -depth -type d -name \"*.framework\" -or -name \"*.dylib\" -or -name \"*.bundle\" | sed -e \"s/\\(.*framework\\)/\\1\\/Versions\\/A\\//\")\nRESULT=$?\nif [[ $RESULT != 0 ]] ; then\nexit 1\nfi\n\nITEMS=\"${FRAMEWORKS}\"\nfi\n\nLOGINITEMS_DIR=\"${TARGET_BUILD_DIR}/${CONTENTS_FOLDER_PATH}/Library/LoginItems/\"\nif [ -d \"$LOGINITEMS_DIR\" ] ; then\nLOGINITEMS=$(find \"${LOGINITEMS_DIR}\" -depth -type d -name \"*.app\")\nRESULT=$?\nif [[ $RESULT != 0 ]] ; then\nexit 1\nfi\n\nITEMS=\"${ITEMS}\"$'\\n'\"${LOGINITEMS}\"\nfi\n\n# Prefer the expanded name, if available.\nCODE_SIGN_IDENTITY_FOR_ITEMS=\"${EXPANDED_CODE_SIGN_IDENTITY_NAME}\"\nif [ \"${CODE_SIGN_IDENTITY_FOR_ITEMS}\" = \"\" ] ; then\n# Fall back to old behavior.\nCODE_SIGN_IDENTITY_FOR_ITEMS=\"${CODE_SIGN_IDENTITY}\"\nfi\n\necho \"Identity:\"\necho \"${CODE_SIGN_IDENTITY_FOR_ITEMS}\"\n\necho \"Entitlements:\"\necho \"${CODE_SIGN_ENTITLEMENTS}\"\n\necho \"Found:\"\necho \"${ITEMS}\"\n\n# Change the Internal Field Separator (IFS) so that spaces in paths will not cause problems below.\nSAVED_IFS=$IFS\nIFS=$(echo -en \"\\n\\b\")\n\n# Loop through all items.\nfor ITEM in $ITEMS;\ndo\necho \"Signing '${ITEM}'\"\ncodesign --force --verbose --sign \"${CODE_SIGN_IDENTITY_FOR_ITEMS}\" --entitlements \"${CODE_SIGN_ENTITLEMENTS}\" \"${ITEM}\"\nRESULT=$?\nif [[ $RESULT != 0 ]] ; then\necho \"Failed to sign '${ITEM}'.\"\nIFS=$SAVED_IFS\nexit 1\nfi\ndone\n\n# Restore $IFS.\nIFS=$SAVED_IFS\n\nfi\n";
		};
		E4B6FFFD0C3F9AB9008CF71C /* ShellScript */ = {
			isa = PBXShellScriptBuildPhase;
			buildActionMask = 2147483647;
			files = (
			);
			inputPaths = (
			);
			outputPaths = (
			);
			runOnlyForDeploymentPostprocessing = 0;
			shellPath = /bin/sh;
			shellScript = "mkdir -p \"$TARGET_BUILD_DIR/$PRODUCT_NAME.app/Contents/Resources/\"\n# Copy default icon file into App/Resources\nrsync -aved \"$ICON_FILE\" \"$TARGET_BUILD_DIR/$PRODUCT_NAME.app/Contents/Resources/\"\n# Copy libfmod and change install directory for fmod to run\nrsync -aved ../../../libs/fmodex/lib/osx/libfmodex.dylib \"$TARGET_BUILD_DIR/$PRODUCT_NAME.app/Contents/Frameworks/\";\ninstall_name_tool -change @executable_path/libfmodex.dylib @executable_path/../Frameworks/libfmodex.dylib \"$TARGET_BUILD_DIR/$PRODUCT_NAME.app/Contents/MacOS/$PRODUCT_NAME\";\n\necho \"$GCC_PREPROCESSOR_DEFINITIONS\";\nAPPSTORE=`expr \"$GCC_PREPROCESSOR_DEFINITIONS\" : \".*APPSTORE=\\([0-9]*\\)\"`\nif [ -z \"${APPSTORE}\" ] ; then\necho \"Copying GLUT framework\";\n# Copy GLUT framework (must remove for AppStore submissions)\nrsync -aved ../../../libs/glut/lib/osx/GLUT.framework \"$TARGET_BUILD_DIR/$PRODUCT_NAME.app/Contents/Frameworks/\"\nelse\necho \"Not including GLUT\";\nfi\n";
		};
/* End PBXShellScriptBuildPhase section */

/* Begin PBXSourcesBuildPhase section */
		E4B69B580A3A1756003C02F2 /* Sources */ = {
			isa = PBXSourcesBuildPhase;
			buildActionMask = 2147483647;
			files = (
				E4B69E200A3A1BDC003C02F2 /* main.cpp in Sources */,
				E4B69E210A3A1BDC003C02F2 /* ofApp.cpp in Sources */,
				9EF1133BC23669A5C94FE30F /* jsoncpp.cpp in Sources */,
				C6C3882A0B0872D1485F3874 /* Client.cpp in Sources */,
				A78C77753D562AE8F0E928ED /* Connection.cpp in Sources */,
				F1AC6AEFB9B93C6AC45C9CA8 /* Events.cpp in Sources */,
				86135253DC7909CA8590E157 /* Protocol.cpp in Sources */,
				6D73A566CFEC0B462FE6E43C /* Reactor.cpp in Sources */,
				F3AD9E2A2E56B6AF32A0BDAF /* Server.cpp in Sources */,
				CCD326ED8E01272042317DD2 /* Util.cpp in Sources */,
				34A1CD0B670B0A4266464779 /* ofxTurboJpeg.cpp in Sources */,
			);
			runOnlyForDeploymentPostprocessing = 0;
		};
/* End PBXSourcesBuildPhase section */

/* Begin PBXTargetDependency section */
		E4EEB9AC138B136A00A80321 /* PBXTargetDependency */ = {
			isa = PBXTargetDependency;
			name = openFrameworks;
			targetProxy = E4EEB9AB138B136A00A80321 /* PBXContainerItemProxy */;
		};
/* End PBXTargetDependency section */

/* Begin XCBuildConfiguration section */
		99FA3DBB1C7456C400CFA0EE /* AppStore */ = {
			isa = XCBuildConfiguration;
			baseConfigurationReference = E4EB6923138AFD0F00A09F29 /* Project.xcconfig */;
			buildSettings = {
				CONFIGURATION_BUILD_DIR = "$(SRCROOT)/bin/";
				COPY_PHASE_STRIP = YES;
				DEAD_CODE_STRIPPING = YES;
				GCC_AUTO_VECTORIZATION = YES;
				GCC_ENABLE_SSE3_EXTENSIONS = YES;
				GCC_ENABLE_SUPPLEMENTAL_SSE3_INSTRUCTIONS = YES;
				GCC_INLINES_ARE_PRIVATE_EXTERN = NO;
				GCC_OPTIMIZATION_LEVEL = 3;
				"GCC_PREPROCESSOR_DEFINITIONS[arch=*]" = "DISTRIBUTION=1";
				GCC_SYMBOLS_PRIVATE_EXTERN = NO;
				GCC_UNROLL_LOOPS = YES;
				GCC_WARN_ABOUT_DEPRECATED_FUNCTIONS = YES;
				GCC_WARN_ABOUT_INVALID_OFFSETOF_MACRO = NO;
				GCC_WARN_ALLOW_INCOMPLETE_PROTOCOL = NO;
				GCC_WARN_UNINITIALIZED_AUTOS = NO;
				GCC_WARN_UNUSED_VALUE = NO;
				GCC_WARN_UNUSED_VARIABLE = NO;
				HEADER_SEARCH_PATHS = (
					"$(OF_CORE_HEADERS)",
					src,
					../../../addons/ofxLibwebsockets/libs/jsoncpp,
					../../../addons/ofxLibwebsockets/libs/jsoncpp/json,
					../../../addons/ofxLibwebsockets/libs/libwebsockets/include/,
					../../../addons/ofxLibwebsockets/libs/ofxLibwebsockets/include,
					../../../addons/ofxLibwebsockets/libs/ofxLibwebsockets/include/ofxLibwebsockets,
					../../../addons/ofxLibwebsockets/libs/ofxLibwebsockets/src,
					../../../addons/ofxLibwebsockets/src,
					../../../addons/ofxTurboJpeg/src/,
					"../../../addons/ofxTurboJpeg/libs/turbo-jpeg/include",
				);
				MACOSX_DEPLOYMENT_TARGET = 10.8;
				OTHER_CPLUSPLUSFLAGS = (
					"-D__MACOSX_CORE__",
					"-mtune=native",
				);
				OTHER_LDFLAGS = (
					"$(OF_CORE_FRAMEWORKS)",
					"$(OF_CORE_LIBS)",
					../../../addons/ofxLibwebsockets/libs/libwebsockets/lib/osx/libwebsockets.a,
					"../../../addons/ofxTurboJpeg/libs/turbo-jpeg/lib/osx/libturbojpeg.dylib",
				);
				SDKROOT = macosx;
			};
			name = AppStore;
		};
		99FA3DBC1C7456C400CFA0EE /* AppStore */ = {
			isa = XCBuildConfiguration;
			baseConfigurationReference = E4EB6923138AFD0F00A09F29 /* Project.xcconfig */;
			buildSettings = {
				COMBINE_HIDPI_IMAGES = YES;
				COPY_PHASE_STRIP = YES;
				FRAMEWORK_SEARCH_PATHS = (
					"$(inherited)",
					"$(FRAMEWORK_SEARCH_PATHS_QUOTED_FOR_TARGET_1)",
				);
				FRAMEWORK_SEARCH_PATHS_QUOTED_FOR_TARGET_1 = "\"$(SRCROOT)/../../../libs/glut/lib/osx\"";
				GCC_GENERATE_DEBUGGING_SYMBOLS = YES;
				GCC_MODEL_TUNING = NONE;
				"GCC_PREPROCESSOR_DEFINITIONS[arch=*]" = "APPSTORE=1";
				HEADER_SEARCH_PATHS = (
					"$(OF_CORE_HEADERS)",
					src,
					../../../addons/ofxLibwebsockets/libs/jsoncpp,
					../../../addons/ofxLibwebsockets/libs/jsoncpp/json,
					../../../addons/ofxLibwebsockets/libs/libwebsockets/include/,
					../../../addons/ofxLibwebsockets/libs/ofxLibwebsockets/include,
					../../../addons/ofxLibwebsockets/libs/ofxLibwebsockets/include/ofxLibwebsockets,
					../../../addons/ofxLibwebsockets/libs/ofxLibwebsockets/src,
					../../../addons/ofxLibwebsockets/src,
					../../../addons/ofxTurboJpeg/src/,
					"../../../addons/ofxTurboJpeg/libs/turbo-jpeg/include",
				);
				ICON = "$(ICON_NAME_RELEASE)";
				ICON_FILE = "$(ICON_FILE_PATH)$(ICON)";
				INFOPLIST_FILE = "openFrameworks-Info.plist";
				INSTALL_PATH = /Applications;
				LIBRARY_SEARCH_PATHS = "$(inherited)";
				OTHER_LDFLAGS = (
					"$(OF_CORE_FRAMEWORKS)",
					"$(OF_CORE_LIBS)",
					../../../addons/ofxLibwebsockets/libs/libwebsockets/lib/osx/libwebsockets.a,
					"../../../addons/ofxTurboJpeg/libs/turbo-jpeg/lib/osx/libturbojpeg.dylib",
				);
				PRODUCT_NAME = "$(TARGET_NAME)";
				WRAPPER_EXTENSION = app;
				baseConfigurationReference = E4EB6923138AFD0F00A09F29;
			};
			name = AppStore;
		};
		E4B69B4E0A3A1720003C02F2 /* Debug */ = {
			isa = XCBuildConfiguration;
			baseConfigurationReference = E4EB6923138AFD0F00A09F29 /* Project.xcconfig */;
			buildSettings = {
				CONFIGURATION_BUILD_DIR = "$(SRCROOT)/bin/";
				COPY_PHASE_STRIP = NO;
				DEAD_CODE_STRIPPING = YES;
				GCC_AUTO_VECTORIZATION = YES;
				GCC_ENABLE_SSE3_EXTENSIONS = YES;
				GCC_ENABLE_SUPPLEMENTAL_SSE3_INSTRUCTIONS = YES;
				GCC_INLINES_ARE_PRIVATE_EXTERN = NO;
				GCC_OPTIMIZATION_LEVEL = 0;
				GCC_SYMBOLS_PRIVATE_EXTERN = NO;
				GCC_WARN_ABOUT_DEPRECATED_FUNCTIONS = YES;
				GCC_WARN_ABOUT_INVALID_OFFSETOF_MACRO = NO;
				GCC_WARN_ALLOW_INCOMPLETE_PROTOCOL = NO;
				GCC_WARN_UNINITIALIZED_AUTOS = NO;
				GCC_WARN_UNUSED_VALUE = NO;
				GCC_WARN_UNUSED_VARIABLE = NO;
				HEADER_SEARCH_PATHS = (
					"$(OF_CORE_HEADERS)",
					src,
					../../../addons/ofxLibwebsockets/libs/jsoncpp,
					../../../addons/ofxLibwebsockets/libs/jsoncpp/json,
					../../../addons/ofxLibwebsockets/libs/libwebsockets/include/,
					../../../addons/ofxLibwebsockets/libs/ofxLibwebsockets/include,
					../../../addons/ofxLibwebsockets/libs/ofxLibwebsockets/include/ofxLibwebsockets,
					../../../addons/ofxLibwebsockets/libs/ofxLibwebsockets/src,
					../../../addons/ofxLibwebsockets/src,
					../../../addons/ofxTurboJpeg/src/,
					"../../../addons/ofxTurboJpeg/libs/turbo-jpeg/include",
				);
				MACOSX_DEPLOYMENT_TARGET = 10.8;
				ONLY_ACTIVE_ARCH = YES;
				OTHER_CPLUSPLUSFLAGS = (
					"-D__MACOSX_CORE__",
					"-mtune=native",
				);
				OTHER_LDFLAGS = (
					"$(OF_CORE_FRAMEWORKS)",
					"$(OF_CORE_LIBS)",
					../../../addons/ofxLibwebsockets/libs/libwebsockets/lib/osx/libwebsockets.a,
					"../../../addons/ofxTurboJpeg/libs/turbo-jpeg/lib/osx/libturbojpeg.dylib",
				);
				SDKROOT = macosx;
			};
			name = Debug;
		};
		E4B69B4F0A3A1720003C02F2 /* Release */ = {
			isa = XCBuildConfiguration;
			baseConfigurationReference = E4EB6923138AFD0F00A09F29 /* Project.xcconfig */;
			buildSettings = {
				CONFIGURATION_BUILD_DIR = "$(SRCROOT)/bin/";
				COPY_PHASE_STRIP = YES;
				DEAD_CODE_STRIPPING = YES;
				GCC_AUTO_VECTORIZATION = YES;
				GCC_ENABLE_SSE3_EXTENSIONS = YES;
				GCC_ENABLE_SUPPLEMENTAL_SSE3_INSTRUCTIONS = YES;
				GCC_INLINES_ARE_PRIVATE_EXTERN = NO;
				GCC_OPTIMIZATION_LEVEL = 3;
				GCC_SYMBOLS_PRIVATE_EXTERN = NO;
				GCC_UNROLL_LOOPS = YES;
				GCC_WARN_ABOUT_DEPRECATED_FUNCTIONS = YES;
				GCC_WARN_ABOUT_INVALID_OFFSETOF_MACRO = NO;
				GCC_WARN_ALLOW_INCOMPLETE_PROTOCOL = NO;
				GCC_WARN_UNINITIALIZED_AUTOS = NO;
				GCC_WARN_UNUSED_VALUE = NO;
				GCC_WARN_UNUSED_VARIABLE = NO;
				HEADER_SEARCH_PATHS = (
					"$(OF_CORE_HEADERS)",
					src,
					../../../addons/ofxLibwebsockets/libs/jsoncpp,
					../../../addons/ofxLibwebsockets/libs/jsoncpp/json,
					../../../addons/ofxLibwebsockets/libs/libwebsockets/include/,
					../../../addons/ofxLibwebsockets/libs/ofxLibwebsockets/include,
					../../../addons/ofxLibwebsockets/libs/ofxLibwebsockets/include/ofxLibwebsockets,
					../../../addons/ofxLibwebsockets/libs/ofxLibwebsockets/src,
					../../../addons/ofxLibwebsockets/src,
					../../../addons/ofxTurboJpeg/src/,
					"../../../addons/ofxTurboJpeg/libs/turbo-jpeg/include",
				);
				MACOSX_DEPLOYMENT_TARGET = 10.8;
				OTHER_CPLUSPLUSFLAGS = (
					"-D__MACOSX_CORE__",
					"-mtune=native",
				);
				OTHER_LDFLAGS = (
					"$(OF_CORE_FRAMEWORKS)",
					"$(OF_CORE_LIBS)",
					../../../addons/ofxLibwebsockets/libs/libwebsockets/lib/osx/libwebsockets.a,
					"../../../addons/ofxTurboJpeg/libs/turbo-jpeg/lib/osx/libturbojpeg.dylib",
				);
				SDKROOT = macosx;
			};
			name = Release;
		};
		E4B69B600A3A1757003C02F2 /* Debug */ = {
			isa = XCBuildConfiguration;
			baseConfigurationReference = E4EB6923138AFD0F00A09F29 /* Project.xcconfig */;
			buildSettings = {
				COMBINE_HIDPI_IMAGES = YES;
				COPY_PHASE_STRIP = NO;
				FRAMEWORK_SEARCH_PATHS = (
					"$(inherited)",
					"$(FRAMEWORK_SEARCH_PATHS_QUOTED_FOR_TARGET_1)",
				);
				FRAMEWORK_SEARCH_PATHS_QUOTED_FOR_TARGET_1 = "\"$(SRCROOT)/../../../libs/glut/lib/osx\"";
				GCC_DYNAMIC_NO_PIC = NO;
				GCC_GENERATE_DEBUGGING_SYMBOLS = YES;
				GCC_MODEL_TUNING = NONE;
				HEADER_SEARCH_PATHS = (
					"$(OF_CORE_HEADERS)",
					src,
					../../../addons/ofxLibwebsockets/libs/jsoncpp,
					../../../addons/ofxLibwebsockets/libs/jsoncpp/json,
					../../../addons/ofxLibwebsockets/libs/libwebsockets/include/,
					../../../addons/ofxLibwebsockets/libs/ofxLibwebsockets/include,
					../../../addons/ofxLibwebsockets/libs/ofxLibwebsockets/include/ofxLibwebsockets,
					../../../addons/ofxLibwebsockets/libs/ofxLibwebsockets/src,
					../../../addons/ofxLibwebsockets/src,
					../../../addons/ofxTurboJpeg/src/,
					"../../../addons/ofxTurboJpeg/libs/turbo-jpeg/include",
				);
				ICON = "$(ICON_NAME_DEBUG)";
				ICON_FILE = "$(ICON_FILE_PATH)$(ICON)";
				INFOPLIST_FILE = "openFrameworks-Info.plist";
				INSTALL_PATH = /Applications;
				LIBRARY_SEARCH_PATHS = "$(inherited)";
				OTHER_LDFLAGS = (
					"$(OF_CORE_FRAMEWORKS)",
					"$(OF_CORE_LIBS)",
					../../../addons/ofxLibwebsockets/libs/libwebsockets/lib/osx/libwebsockets.a,
					"../../../addons/ofxTurboJpeg/libs/turbo-jpeg/lib/osx/libturbojpeg.dylib",
				);
				PRODUCT_NAME = "$(TARGET_NAME)Debug";
				WRAPPER_EXTENSION = app;
			};
			name = Debug;
		};
		E4B69B610A3A1757003C02F2 /* Release */ = {
			isa = XCBuildConfiguration;
			baseConfigurationReference = E4EB6923138AFD0F00A09F29 /* Project.xcconfig */;
			buildSettings = {
				COMBINE_HIDPI_IMAGES = YES;
				COPY_PHASE_STRIP = YES;
				FRAMEWORK_SEARCH_PATHS = (
					"$(inherited)",
					"$(FRAMEWORK_SEARCH_PATHS_QUOTED_FOR_TARGET_1)",
				);
				FRAMEWORK_SEARCH_PATHS_QUOTED_FOR_TARGET_1 = "\"$(SRCROOT)/../../../libs/glut/lib/osx\"";
				GCC_GENERATE_DEBUGGING_SYMBOLS = YES;
				GCC_MODEL_TUNING = NONE;
				HEADER_SEARCH_PATHS = (
					"$(OF_CORE_HEADERS)",
					src,
					../../../addons/ofxLibwebsockets/libs/jsoncpp,
					../../../addons/ofxLibwebsockets/libs/jsoncpp/json,
					../../../addons/ofxLibwebsockets/libs/libwebsockets/include/,
					../../../addons/ofxLibwebsockets/libs/ofxLibwebsockets/include,
					../../../addons/ofxLibwebsockets/libs/ofxLibwebsockets/include/ofxLibwebsockets,
					../../../addons/ofxLibwebsockets/libs/ofxLibwebsockets/src,
					../../../addons/ofxLibwebsockets/src,
					../../../addons/ofxTurboJpeg/src/,
					"../../../addons/ofxTurboJpeg/libs/turbo-jpeg/include",
				);
				ICON = "$(ICON_NAME_RELEASE)";
				ICON_FILE = "$(ICON_FILE_PATH)$(ICON)";
				INFOPLIST_FILE = "openFrameworks-Info.plist";
				INSTALL_PATH = /Applications;
				LIBRARY_SEARCH_PATHS = "$(inherited)";
				OTHER_LDFLAGS = (
					"$(OF_CORE_FRAMEWORKS)",
					"$(OF_CORE_LIBS)",
					../../../addons/ofxLibwebsockets/libs/libwebsockets/lib/osx/libwebsockets.a,
					"../../../addons/ofxTurboJpeg/libs/turbo-jpeg/lib/osx/libturbojpeg.dylib",
				);
				PRODUCT_NAME = "$(TARGET_NAME)";
				WRAPPER_EXTENSION = app;
				baseConfigurationReference = E4EB6923138AFD0F00A09F29;
			};
			name = Release;
		};
/* End XCBuildConfiguration section */

/* Begin XCConfigurationList section */
		E4B69B4D0A3A1720003C02F2 /* Build configuration list for PBXProject "example_server_blob" */ = {
			isa = XCConfigurationList;
			buildConfigurations = (
				E4B69B4E0A3A1720003C02F2 /* Debug */,
				E4B69B4F0A3A1720003C02F2 /* Release */,
				99FA3DBB1C7456C400CFA0EE /* AppStore */,
			);
			defaultConfigurationIsVisible = 0;
			defaultConfigurationName = Release;
		};
		E4B69B5F0A3A1757003C02F2 /* Build configuration list for PBXNativeTarget "example_server_blob" */ = {
			isa = XCConfigurationList;
			buildConfigurations = (
				E4B69B600A3A1757003C02F2 /* Debug */,
				E4B69B610A3A1757003C02F2 /* Release */,
				99FA3DBC1C7456C400CFA0EE /* AppStore */,
			);
			defaultConfigurationIsVisible = 0;
			defaultConfigurationName = Release;
		};
/* End XCConfigurationList section */
	};
	rootObject = E4B69B4C0A3A1720003C02F2 /* Project object */;
}
