<?xml version="1.0" encoding="utf-8"?>
<Project ToolsVersion="4.0" xmlns="http://schemas.microsoft.com/developer/msbuild/2003">
  <ItemGroup>
    <ClCompile Include="src\ofApp.cpp">
      <Filter>src</Filter>
    </ClCompile>
    <ClCompile Include="src\main.cpp">
      <Filter>src</Filter>
    </ClCompile>
    <ClCompile Include="src\HRVO\Agent.cpp">
      <Filter>src\HRVO</Filter>
    </ClCompile>
    <ClCompile Include="src\HRVO\Goal.cpp">
      <Filter>src\HRVO</Filter>
    </ClCompile>
    <ClCompile Include="src\HRVO\KdTree.cpp">
      <Filter>src\HRVO</Filter>
    </ClCompile>
    <ClCompile Include="src\HRVO\Simulator.cpp">
      <Filter>src\HRVO</Filter>
    </ClCompile>
    <ClCompile Include="src\HRVO\Vector2.cpp">
      <Filter>src\HRVO</Filter>
    </ClCompile>
    <ClCompile Include="src\HungarianAlg.cpp">
      <Filter>src</Filter>
    </ClCompile>
    <ClCompile Include="src\main.cpp">
      <Filter>src</Filter>
    </ClCompile>
    <ClCompile Include="src\Message.cpp">
      <Filter>src</Filter>
    </ClCompile>
    <ClCompile Include="src\ofApp.cpp">
      <Filter>src</Filter>
    </ClCompile>
    <ClCompile Include="src\Zooid.cpp">
      <Filter>src</Filter>
    </ClCompile>
    <ClCompile Include="src\ZooidGoal.cpp">
      <Filter>src</Filter>
    </ClCompile>
    <ClCompile Include="src\ZooidManager.cpp">
      <Filter>src</Filter>
    </ClCompile>
    <ClCompile Include="src\ZooidReceiver.cpp">
      <Filter>src</Filter>
    </ClCompile>
    <ClCompile Include="..\..\..\addons\ofxDatGui\src\core\ofxDatGuiComponent.cpp">
      <Filter>addons\ofxDatGui\src\core</Filter>
    </ClCompile>
    <ClCompile Include="..\..\..\addons\ofxDatGui\src\libs\ofxSmartFont\ofxSmartFont.cpp">
      <Filter>addons\ofxDatGui\src\libs\ofxSmartFont</Filter>
    </ClCompile>
    <ClCompile Include="..\..\..\addons\ofxDatGui\src\ofxDatGui.cpp">
      <Filter>addons\ofxDatGui\src</Filter>
    </ClCompile>
    <ClCompile Include="..\..\..\addons\ofxLibwebsockets\libs\jsoncpp\jsoncpp.cpp">
      <Filter>addons\ofxLibwebsockets\libs\jsoncpp</Filter>
    </ClCompile>
    <ClCompile Include="..\..\..\addons\ofxLibwebsockets\libs\ofxLibwebsockets\src\Client.cpp">
      <Filter>addons\ofxLibwebsockets\libs\ofxLibwebsockets\src</Filter>
    </ClCompile>
    <ClCompile Include="..\..\..\addons\ofxLibwebsockets\libs\ofxLibwebsockets\src\Connection.cpp">
      <Filter>addons\ofxLibwebsockets\libs\ofxLibwebsockets\src</Filter>
    </ClCompile>
    <ClCompile Include="..\..\..\addons\ofxLibwebsockets\libs\ofxLibwebsockets\src\Events.cpp">
      <Filter>addons\ofxLibwebsockets\libs\ofxLibwebsockets\src</Filter>
    </ClCompile>
    <ClCompile Include="..\..\..\addons\ofxLibwebsockets\libs\ofxLibwebsockets\src\Protocol.cpp">
      <Filter>addons\ofxLibwebsockets\libs\ofxLibwebsockets\src</Filter>
    </ClCompile>
    <ClCompile Include="..\..\..\addons\ofxLibwebsockets\libs\ofxLibwebsockets\src\Reactor.cpp">
      <Filter>addons\ofxLibwebsockets\libs\ofxLibwebsockets\src</Filter>
    </ClCompile>
    <ClCompile Include="..\..\..\addons\ofxLibwebsockets\libs\ofxLibwebsockets\src\Server.cpp">
      <Filter>addons\ofxLibwebsockets\libs\ofxLibwebsockets\src</Filter>
    </ClCompile>
    <ClCompile Include="..\..\..\addons\ofxLibwebsockets\libs\ofxLibwebsockets\src\Util.cpp">
      <Filter>addons\ofxLibwebsockets\libs\ofxLibwebsockets\src</Filter>
    </ClCompile>
    <ClCompile Include="..\..\..\addons\ofxNetwork\src\ofxTCPClient.cpp">
      <Filter>addons\ofxNetwork\src</Filter>
    </ClCompile>
    <ClCompile Include="..\..\..\addons\ofxNetwork\src\ofxTCPManager.cpp">
      <Filter>addons\ofxNetwork\src</Filter>
    </ClCompile>
    <ClCompile Include="..\..\..\addons\ofxNetwork\src\ofxTCPServer.cpp">
      <Filter>addons\ofxNetwork\src</Filter>
    </ClCompile>
    <ClCompile Include="..\..\..\addons\ofxNetwork\src\ofxUDPManager.cpp">
      <Filter>addons\ofxNetwork\src</Filter>
    </ClCompile>
    <ClCompile Include="..\..\..\addons\ofxSvg\src\ofxSvg.cpp">
      <Filter>addons\ofxSvg\src</Filter>
    </ClCompile>
    <ClCompile Include="..\..\..\addons\ofxSvg\libs\svgTiny\src\src_colors.cpp">
      <Filter>addons\ofxSvg\libs\svgTiny\src</Filter>
    </ClCompile>
    <ClCompile Include="..\..\..\addons\ofxSvg\libs\svgTiny\src\svgtiny.cpp">
      <Filter>addons\ofxSvg\libs\svgTiny\src</Filter>
    </ClCompile>
    <ClCompile Include="..\..\..\addons\ofxSvg\libs\svgTiny\src\svgtiny_gradient.cpp">
      <Filter>addons\ofxSvg\libs\svgTiny\src</Filter>
    </ClCompile>
    <ClCompile Include="..\..\..\addons\ofxSvg\libs\svgTiny\src\svgtiny_list.cpp">
      <Filter>addons\ofxSvg\libs\svgTiny\src</Filter>
    </ClCompile>
  </ItemGroup>
  <ItemGroup>
    <Filter Include="src">
      <UniqueIdentifier>{d8376475-7454-4a24-b08a-aac121d3ad6f}</UniqueIdentifier>
    </Filter>
    <Filter Include="src\HRVO">
      <UniqueIdentifier>{F0421C68-70A3-E81F-C1FA-EF8F}</UniqueIdentifier>
    </Filter>
    <Filter Include="addons">
      <UniqueIdentifier>{71834F65-F3A9-211E-73B8-DC85}</UniqueIdentifier>
    </Filter>
    <Filter Include="addons\ofxDatGui">
      <UniqueIdentifier>{B36B06DF-1AA4-00D4-5A1B-6893}</UniqueIdentifier>
    </Filter>
    <Filter Include="addons\ofxDatGui\src">
      <UniqueIdentifier>{CAA2E9BA-611F-99B2-780A-B8BA}</UniqueIdentifier>
    </Filter>
    <Filter Include="addons\ofxDatGui\src\components">
      <UniqueIdentifier>{8EFE15E2-401E-A657-3818-AD66}</UniqueIdentifier>
    </Filter>
    <Filter Include="addons\ofxDatGui\src\core">
      <UniqueIdentifier>{6835CAB6-404A-D3AD-148B-CD60}</UniqueIdentifier>
    </Filter>
    <Filter Include="addons\ofxDatGui\src\libs">
      <UniqueIdentifier>{ABAEF2A2-DCDC-DB83-4614-EB2B}</UniqueIdentifier>
    </Filter>
    <Filter Include="addons\ofxDatGui\src\libs\ofxSmartFont">
      <UniqueIdentifier>{A694AB8C-4705-277A-3AC8-2B8E}</UniqueIdentifier>
    </Filter>
    <Filter Include="addons\ofxDatGui\src\themes">
      <UniqueIdentifier>{2646318C-49AB-44C5-70D8-23E6}</UniqueIdentifier>
    </Filter>
    <Filter Include="addons\ofxLibwebsockets">
      <UniqueIdentifier>{04A0ABD3-BEB0-79C1-78DC-1B0C}</UniqueIdentifier>
    </Filter>
    <Filter Include="addons\ofxLibwebsockets\src">
      <UniqueIdentifier>{BD45AF89-23CA-D761-87B2-E28B}</UniqueIdentifier>
    </Filter>
    <Filter Include="addons\ofxLibwebsockets\libs">
      <UniqueIdentifier>{93A2255B-E819-7999-658F-5C8B}</UniqueIdentifier>
    </Filter>
    <Filter Include="addons\ofxLibwebsockets\libs\jsoncpp">
      <UniqueIdentifier>{EDF3DFA8-3A48-F2BE-828A-56B4}</UniqueIdentifier>
    </Filter>
    <Filter Include="addons\ofxLibwebsockets\libs\jsoncpp\json">
      <UniqueIdentifier>{E61DA5C1-FC26-09C7-51F3-45B4}</UniqueIdentifier>
    </Filter>
    <Filter Include="addons\ofxLibwebsockets\libs\libwebsockets">
      <UniqueIdentifier>{F5CB4033-7B46-FD26-E6BF-225D}</UniqueIdentifier>
    </Filter>
    <Filter Include="addons\ofxLibwebsockets\libs\libwebsockets\include">
      <UniqueIdentifier>{A9821612-3A92-AF18-4416-E910}</UniqueIdentifier>
    </Filter>
    <Filter Include="addons\ofxLibwebsockets\libs\ofxLibwebsockets">
      <UniqueIdentifier>{246E3DDA-BF78-504E-9BF2-6FA8}</UniqueIdentifier>
    </Filter>
    <Filter Include="addons\ofxLibwebsockets\libs\ofxLibwebsockets\include">
      <UniqueIdentifier>{D876D8D2-B863-D307-0F4A-F791}</UniqueIdentifier>
    </Filter>
    <Filter Include="addons\ofxLibwebsockets\libs\ofxLibwebsockets\include\ofxLibwebsockets">
      <UniqueIdentifier>{A5834E6F-4120-53E7-CD52-711C}</UniqueIdentifier>
    </Filter>
    <Filter Include="addons\ofxLibwebsockets\libs\ofxLibwebsockets\src">
      <UniqueIdentifier>{D616296F-164E-00EF-4F39-D224}</UniqueIdentifier>
    </Filter>
    <Filter Include="addons\ofxNetwork">
      <UniqueIdentifier>{01A15744-29A6-108D-08E9-83A7}</UniqueIdentifier>
    </Filter>
    <Filter Include="addons\ofxNetwork\src">
      <UniqueIdentifier>{3D1C10C7-8F35-E796-9C70-F5F3}</UniqueIdentifier>
    </Filter>
    <Filter Include="addons\ofxSvg">
      <UniqueIdentifier>{3DD76815-827C-5F89-582D-2CF4}</UniqueIdentifier>
    </Filter>
    <Filter Include="addons\ofxSvg\src">
      <UniqueIdentifier>{6A00B88F-1ADB-BB17-8276-ED19}</UniqueIdentifier>
    </Filter>
    <Filter Include="addons\ofxSvg\libs">
      <UniqueIdentifier>{C226E9C6-88C9-1F12-D422-3DA3}</UniqueIdentifier>
    </Filter>
    <Filter Include="addons\ofxSvg\libs\svgTiny">
      <UniqueIdentifier>{0A0E4783-DE3F-EB55-7775-3205}</UniqueIdentifier>
    </Filter>
    <Filter Include="addons\ofxSvg\libs\svgTiny\src">
      <UniqueIdentifier>{668F2528-598B-D351-B74F-9E6F}</UniqueIdentifier>
    </Filter>
  </ItemGroup>
  <ItemGroup>
    <ClInclude Include="src\ofApp.h">
      <Filter>src</Filter>
    </ClInclude>
    <ClInclude Include="src\configuration.h">
      <Filter>src</Filter>
    </ClInclude>
    <ClInclude Include="src\HRVO\Agent.h">
      <Filter>src\HRVO</Filter>
    </ClInclude>
    <ClInclude Include="src\HRVO\Definitions.h">
      <Filter>src\HRVO</Filter>
    </ClInclude>
    <ClInclude Include="src\HRVO\Goal.h">
      <Filter>src\HRVO</Filter>
    </ClInclude>
    <ClInclude Include="src\HRVO\HRVO.h">
      <Filter>src\HRVO</Filter>
    </ClInclude>
    <ClInclude Include="src\HRVO\KdTree.h">
      <Filter>src\HRVO</Filter>
    </ClInclude>
    <ClInclude Include="src\HRVO\Simulator.h">
      <Filter>src\HRVO</Filter>
    </ClInclude>
    <ClInclude Include="src\HRVO\Vector2.h">
      <Filter>src\HRVO</Filter>
    </ClInclude>
    <ClInclude Include="src\HungarianAlg.h">
      <Filter>src</Filter>
    </ClInclude>
    <ClInclude Include="src\Message.h">
      <Filter>src</Filter>
    </ClInclude>
    <ClInclude Include="src\ofApp.h">
      <Filter>src</Filter>
    </ClInclude>
    <ClInclude Include="src\Zooid.h">
      <Filter>src</Filter>
    </ClInclude>
    <ClInclude Include="src\ZooidGoal.h">
      <Filter>src</Filter>
    </ClInclude>
    <ClInclude Include="src\ZooidManager.h">
      <Filter>src</Filter>
    </ClInclude>
    <ClInclude Include="src\ZooidReceiver.h">
      <Filter>src</Filter>
    </ClInclude>
    <ClInclude Include="..\..\..\addons\ofxDatGui\src\components\ofxDatGui2dPad.h">
      <Filter>addons\ofxDatGui\src\components</Filter>
    </ClInclude>
    <ClInclude Include="..\..\..\addons\ofxDatGui\src\components\ofxDatGuiButton.h">
      <Filter>addons\ofxDatGui\src\components</Filter>
    </ClInclude>
    <ClInclude Include="..\..\..\addons\ofxDatGui\src\components\ofxDatGuiColorPicker.h">
      <Filter>addons\ofxDatGui\src\components</Filter>
    </ClInclude>
    <ClInclude Include="..\..\..\addons\ofxDatGui\src\components\ofxDatGuiControls.h">
      <Filter>addons\ofxDatGui\src\components</Filter>
    </ClInclude>
    <ClInclude Include="..\..\..\addons\ofxDatGui\src\components\ofxDatGuiFRM.h">
      <Filter>addons\ofxDatGui\src\components</Filter>
    </ClInclude>
    <ClInclude Include="..\..\..\addons\ofxDatGui\src\components\ofxDatGuiGroups.h">
      <Filter>addons\ofxDatGui\src\components</Filter>
    </ClInclude>
    <ClInclude Include="..\..\..\addons\ofxDatGui\src\components\ofxDatGuiLabel.h">
      <Filter>addons\ofxDatGui\src\components</Filter>
    </ClInclude>
    <ClInclude Include="..\..\..\addons\ofxDatGui\src\components\ofxDatGuiMatrix.h">
      <Filter>addons\ofxDatGui\src\components</Filter>
    </ClInclude>
    <ClInclude Include="..\..\..\addons\ofxDatGui\src\components\ofxDatGuiScrollView.h">
      <Filter>addons\ofxDatGui\src\components</Filter>
    </ClInclude>
    <ClInclude Include="..\..\..\addons\ofxDatGui\src\components\ofxDatGuiSlider.h">
      <Filter>addons\ofxDatGui\src\components</Filter>
    </ClInclude>
    <ClInclude Include="..\..\..\addons\ofxDatGui\src\components\ofxDatGuiTextInput.h">
      <Filter>addons\ofxDatGui\src\components</Filter>
    </ClInclude>
    <ClInclude Include="..\..\..\addons\ofxDatGui\src\components\ofxDatGuiTextInputField.h">
      <Filter>addons\ofxDatGui\src\components</Filter>
    </ClInclude>
    <ClInclude Include="..\..\..\addons\ofxDatGui\src\components\ofxDatGuiTimeGraph.h">
      <Filter>addons\ofxDatGui\src\components</Filter>
    </ClInclude>
    <ClInclude Include="..\..\..\addons\ofxDatGui\src\core\ofxDatGuiComponent.h">
      <Filter>addons\ofxDatGui\src\core</Filter>
    </ClInclude>
    <ClInclude Include="..\..\..\addons\ofxDatGui\src\core\ofxDatGuiConstants.h">
      <Filter>addons\ofxDatGui\src\core</Filter>
    </ClInclude>
    <ClInclude Include="..\..\..\addons\ofxDatGui\src\core\ofxDatGuiEvents.h">
      <Filter>addons\ofxDatGui\src\core</Filter>
    </ClInclude>
    <ClInclude Include="..\..\..\addons\ofxDatGui\src\core\ofxDatGuiIntObject.h">
      <Filter>addons\ofxDatGui\src\core</Filter>
    </ClInclude>
    <ClInclude Include="..\..\..\addons\ofxDatGui\src\libs\ofxSmartFont\ofxSmartFont.h">
      <Filter>addons\ofxDatGui\src\libs\ofxSmartFont</Filter>
    </ClInclude>
    <ClInclude Include="..\..\..\addons\ofxDatGui\src\ofxDatGui.h">
      <Filter>addons\ofxDatGui\src</Filter>
    </ClInclude>
    <ClInclude Include="..\..\..\addons\ofxDatGui\src\themes\ofxDatGuiTheme.h">
      <Filter>addons\ofxDatGui\src\themes</Filter>
    </ClInclude>
    <ClInclude Include="..\..\..\addons\ofxDatGui\src\themes\ofxDatGuiThemes.h">
      <Filter>addons\ofxDatGui\src\themes</Filter>
    </ClInclude>
    <ClInclude Include="..\..\..\addons\ofxLibwebsockets\src\ofxLibwebsockets.h">
      <Filter>addons\ofxLibwebsockets\src</Filter>
    </ClInclude>
    <ClInclude Include="..\..\..\addons\ofxLibwebsockets\libs\jsoncpp\json\json-forwards.h">
      <Filter>addons\ofxLibwebsockets\libs\jsoncpp\json</Filter>
    </ClInclude>
    <ClInclude Include="..\..\..\addons\ofxLibwebsockets\libs\jsoncpp\json\json.h">
      <Filter>addons\ofxLibwebsockets\libs\jsoncpp\json</Filter>
    </ClInclude>
    <ClInclude Include="..\..\..\addons\ofxLibwebsockets\libs\libwebsockets\include\libwebsockets.h">
      <Filter>addons\ofxLibwebsockets\libs\libwebsockets\include</Filter>
    </ClInclude>
    <ClInclude Include="..\..\..\addons\ofxLibwebsockets\libs\libwebsockets\include\lws_config.h">
      <Filter>addons\ofxLibwebsockets\libs\libwebsockets\include</Filter>
    </ClInclude>
    <ClInclude Include="..\..\..\addons\ofxLibwebsockets\libs\ofxLibwebsockets\include\ofxLibwebsockets\Client.h">
      <Filter>addons\ofxLibwebsockets\libs\ofxLibwebsockets\include\ofxLibwebsockets</Filter>
    </ClInclude>
    <ClInclude Include="..\..\..\addons\ofxLibwebsockets\libs\ofxLibwebsockets\include\ofxLibwebsockets\Connection.h">
      <Filter>addons\ofxLibwebsockets\libs\ofxLibwebsockets\include\ofxLibwebsockets</Filter>
    </ClInclude>
    <ClInclude Include="..\..\..\addons\ofxLibwebsockets\libs\ofxLibwebsockets\include\ofxLibwebsockets\Events.h">
      <Filter>addons\ofxLibwebsockets\libs\ofxLibwebsockets\include\ofxLibwebsockets</Filter>
    </ClInclude>
    <ClInclude Include="..\..\..\addons\ofxLibwebsockets\libs\ofxLibwebsockets\include\ofxLibwebsockets\Protocol.h">
      <Filter>addons\ofxLibwebsockets\libs\ofxLibwebsockets\include\ofxLibwebsockets</Filter>
    </ClInclude>
    <ClInclude Include="..\..\..\addons\ofxLibwebsockets\libs\ofxLibwebsockets\include\ofxLibwebsockets\Reactor.h">
      <Filter>addons\ofxLibwebsockets\libs\ofxLibwebsockets\include\ofxLibwebsockets</Filter>
    </ClInclude>
    <ClInclude Include="..\..\..\addons\ofxLibwebsockets\libs\ofxLibwebsockets\include\ofxLibwebsockets\Server.h">
      <Filter>addons\ofxLibwebsockets\libs\ofxLibwebsockets\include\ofxLibwebsockets</Filter>
    </ClInclude>
    <ClInclude Include="..\..\..\addons\ofxLibwebsockets\libs\ofxLibwebsockets\include\ofxLibwebsockets\Util.h">
      <Filter>addons\ofxLibwebsockets\libs\ofxLibwebsockets\include\ofxLibwebsockets</Filter>
    </ClInclude>
    <ClInclude Include="..\..\..\addons\ofxNetwork\src\ofxNetwork.h">
      <Filter>addons\ofxNetwork\src</Filter>
    </ClInclude>
    <ClInclude Include="..\..\..\addons\ofxNetwork\src\ofxNetworkUtils.h">
      <Filter>addons\ofxNetwork\src</Filter>
    </ClInclude>
    <ClInclude Include="..\..\..\addons\ofxNetwork\src\ofxTCPClient.h">
      <Filter>addons\ofxNetwork\src</Filter>
    </ClInclude>
    <ClInclude Include="..\..\..\addons\ofxNetwork\src\ofxTCPManager.h">
      <Filter>addons\ofxNetwork\src</Filter>
    </ClInclude>
    <ClInclude Include="..\..\..\addons\ofxNetwork\src\ofxTCPServer.h">
      <Filter>addons\ofxNetwork\src</Filter>
    </ClInclude>
    <ClInclude Include="..\..\..\addons\ofxNetwork\src\ofxUDPManager.h">
      <Filter>addons\ofxNetwork\src</Filter>
    </ClInclude>
    <ClInclude Include="..\..\..\addons\ofxSvg\src\ofxSvg.h">
      <Filter>addons\ofxSvg\src</Filter>
    </ClInclude>
    <ClInclude Include="..\..\..\addons\ofxSvg\libs\svgTiny\src\svgtiny.h">
      <Filter>addons\ofxSvg\libs\svgTiny\src</Filter>
    </ClInclude>
    <ClInclude Include="..\..\..\addons\ofxSvg\libs\svgTiny\src\svgtiny_internal.h">
      <Filter>addons\ofxSvg\libs\svgTiny\src</Filter>
    </ClInclude>
  </ItemGroup>
</Project>